// !$*UTF8*$!
{
	archiveVersion = 1;
	classes = {
	};
	objectVersion = 56;
	objects = {

/* Begin PBXBuildFile section */
		DDC845112AD50EDC00219AB5 /* AppDelegate.swift in Sources */ = {isa = PBXBuildFile; fileRef = DDC845102AD50EDC00219AB5 /* AppDelegate.swift */; };
		DDC845132AD50EDC00219AB5 /* SceneDelegate.swift in Sources */ = {isa = PBXBuildFile; fileRef = DDC845122AD50EDC00219AB5 /* SceneDelegate.swift */; };
		DDC845152AD50EDC00219AB5 /* ViewController.swift in Sources */ = {isa = PBXBuildFile; fileRef = DDC845142AD50EDC00219AB5 /* ViewController.swift */; };
		DDC8451A2AD50EDD00219AB5 /* Assets.xcassets in Resources */ = {isa = PBXBuildFile; fileRef = DDC845192AD50EDD00219AB5 /* Assets.xcassets */; };
		DDC8451D2AD50EDD00219AB5 /* LaunchScreen.storyboard in Resources */ = {isa = PBXBuildFile; fileRef = DDC8451B2AD50EDD00219AB5 /* LaunchScreen.storyboard */; };
		DDC845252AD51D3F00219AB5 /* OpenMenuButton.swift in Sources */ = {isa = PBXBuildFile; fileRef = DDC845242AD51D3F00219AB5 /* OpenMenuButton.swift */; };
		DDC845272AD5286300219AB5 /* MenuStyle.swift in Sources */ = {isa = PBXBuildFile; fileRef = DDC845262AD5286300219AB5 /* MenuStyle.swift */; };
/* End PBXBuildFile section */

/* Begin PBXFileReference section */
		DDC8450D2AD50EDC00219AB5 /* UIKit-SideMenu.app */ = {isa = PBXFileReference; explicitFileType = wrapper.application; includeInIndex = 0; path = "UIKit-SideMenu.app"; sourceTree = BUILT_PRODUCTS_DIR; };
		DDC845102AD50EDC00219AB5 /* AppDelegate.swift */ = {isa = PBXFileReference; lastKnownFileType = sourcecode.swift; path = AppDelegate.swift; sourceTree = "<group>"; };
		DDC845122AD50EDC00219AB5 /* SceneDelegate.swift */ = {isa = PBXFileReference; lastKnownFileType = sourcecode.swift; path = SceneDelegate.swift; sourceTree = "<group>"; };
		DDC845142AD50EDC00219AB5 /* ViewController.swift */ = {isa = PBXFileReference; lastKnownFileType = sourcecode.swift; path = ViewController.swift; sourceTree = "<group>"; };
		DDC845192AD50EDD00219AB5 /* Assets.xcassets */ = {isa = PBXFileReference; lastKnownFileType = folder.assetcatalog; path = Assets.xcassets; sourceTree = "<group>"; };
		DDC8451C2AD50EDD00219AB5 /* Base */ = {isa = PBXFileReference; lastKnownFileType = file.storyboard; name = Base; path = Base.lproj/LaunchScreen.storyboard; sourceTree = "<group>"; };
		DDC8451E2AD50EDD00219AB5 /* Info.plist */ = {isa = PBXFileReference; lastKnownFileType = text.plist.xml; path = Info.plist; sourceTree = "<group>"; };
		DDC845242AD51D3F00219AB5 /* OpenMenuButton.swift */ = {isa = PBXFileReference; lastKnownFileType = sourcecode.swift; path = OpenMenuButton.swift; sourceTree = "<group>"; };
		DDC845262AD5286300219AB5 /* MenuStyle.swift */ = {isa = PBXFileReference; lastKnownFileType = sourcecode.swift; path = MenuStyle.swift; sourceTree = "<group>"; };
/* End PBXFileReference section */

/* Begin PBXFrameworksBuildPhase section */
		DDC8450A2AD50EDC00219AB5 /* Frameworks */ = {
			isa = PBXFrameworksBuildPhase;
			buildActionMask = 2147483647;
			files = (
			);
			runOnlyForDeploymentPostprocessing = 0;
		};
/* End PBXFrameworksBuildPhase section */

/* Begin PBXGroup section */
		DDC845042AD50EDC00219AB5 = {
			isa = PBXGroup;
			children = (
				DDC8450F2AD50EDC00219AB5 /* UIKit-SideMenu */,
				DDC8450E2AD50EDC00219AB5 /* Products */,
			);
			sourceTree = "<group>";
		};
		DDC8450E2AD50EDC00219AB5 /* Products */ = {
			isa = PBXGroup;
			children = (
				DDC8450D2AD50EDC00219AB5 /* UIKit-SideMenu.app */,
			);
			name = Products;
			sourceTree = "<group>";
		};
		DDC8450F2AD50EDC00219AB5 /* UIKit-SideMenu */ = {
			isa = PBXGroup;
			children = (
				DDC845102AD50EDC00219AB5 /* AppDelegate.swift */,
				DDC845122AD50EDC00219AB5 /* SceneDelegate.swift */,
				DDC845282AD5286A00219AB5 /* Model */,
				DDC845292AD5287B00219AB5 /* Views */,
				DDC845192AD50EDD00219AB5 /* Assets.xcassets */,
				DDC8451B2AD50EDD00219AB5 /* LaunchScreen.storyboard */,
				DDC8451E2AD50EDD00219AB5 /* Info.plist */,
			);
			path = "UIKit-SideMenu";
			sourceTree = "<group>";
		};
		DDC845282AD5286A00219AB5 /* Model */ = {
			isa = PBXGroup;
			children = (
				DDC845262AD5286300219AB5 /* MenuStyle.swift */,
			);
			path = Model;
			sourceTree = "<group>";
		};
		DDC845292AD5287B00219AB5 /* Views */ = {
			isa = PBXGroup;
			children = (
				DDC845142AD50EDC00219AB5 /* ViewController.swift */,
				DDC845242AD51D3F00219AB5 /* OpenMenuButton.swift */,
			);
			path = Views;
			sourceTree = "<group>";
		};
/* End PBXGroup section */

/* Begin PBXNativeTarget section */
		DDC8450C2AD50EDC00219AB5 /* UIKit-SideMenu */ = {
			isa = PBXNativeTarget;
			buildConfigurationList = DDC845212AD50EDD00219AB5 /* Build configuration list for PBXNativeTarget "UIKit-SideMenu" */;
			buildPhases = (
				DDC845092AD50EDC00219AB5 /* Sources */,
				DDC8450A2AD50EDC00219AB5 /* Frameworks */,
				DDC8450B2AD50EDC00219AB5 /* Resources */,
			);
			buildRules = (
			);
			dependencies = (
			);
			name = "UIKit-SideMenu";
			productName = "UIKit-SideMenu";
			productReference = DDC8450D2AD50EDC00219AB5 /* UIKit-SideMenu.app */;
			productType = "com.apple.product-type.application";
		};
/* End PBXNativeTarget section */

/* Begin PBXProject section */
		DDC845052AD50EDC00219AB5 /* Project object */ = {
			isa = PBXProject;
			attributes = {
				BuildIndependentTargetsInParallel = 1;
				LastSwiftUpdateCheck = 1430;
				LastUpgradeCheck = 1430;
				TargetAttributes = {
					DDC8450C2AD50EDC00219AB5 = {
						CreatedOnToolsVersion = 14.3.1;
					};
				};
			};
			buildConfigurationList = DDC845082AD50EDC00219AB5 /* Build configuration list for PBXProject "UIKit-SideMenu" */;
			compatibilityVersion = "Xcode 14.0";
			developmentRegion = en;
			hasScannedForEncodings = 0;
			knownRegions = (
				en,
				Base,
			);
			mainGroup = DDC845042AD50EDC00219AB5;
			productRefGroup = DDC8450E2AD50EDC00219AB5 /* Products */;
			projectDirPath = "";
			projectRoot = "";
			targets = (
				DDC8450C2AD50EDC00219AB5 /* UIKit-SideMenu */,
			);
		};
/* End PBXProject section */

/* Begin PBXResourcesBuildPhase section */
		DDC8450B2AD50EDC00219AB5 /* Resources */ = {
			isa = PBXResourcesBuildPhase;
			buildActionMask = 2147483647;
			files = (
				DDC8451D2AD50EDD00219AB5 /* LaunchScreen.storyboard in Resources */,
				DDC8451A2AD50EDD00219AB5 /* Assets.xcassets in Resources */,
			);
			runOnlyForDeploymentPostprocessing = 0;
		};
/* End PBXResourcesBuildPhase section */

/* Begin PBXSourcesBuildPhase section */
		DDC845092AD50EDC00219AB5 /* Sources */ = {
			isa = PBXSourcesBuildPhase;
			buildActionMask = 2147483647;
			files = (
				DDC845152AD50EDC00219AB5 /* ViewController.swift in Sources */,
				DDC845272AD5286300219AB5 /* MenuStyle.swift in Sources */,
				DDC845112AD50EDC00219AB5 /* AppDelegate.swift in Sources */,
				DDC845252AD51D3F00219AB5 /* OpenMenuButton.swift in Sources */,
				DDC845132AD50EDC00219AB5 /* SceneDelegate.swift in Sources */,
			);
			runOnlyForDeploymentPostprocessing = 0;
		};
/* End PBXSourcesBuildPhase section */

/* Begin PBXVariantGroup section */
		DDC8451B2AD50EDD00219AB5 /* LaunchScreen.storyboard */ = {
			isa = PBXVariantGroup;
			children = (
				DDC8451C2AD50EDD00219AB5 /* Base */,
			);
			name = LaunchScreen.storyboard;
			sourceTree = "<group>";
		};
/* End PBXVariantGroup section */

/* Begin XCBuildConfiguration section */
		DDC8451F2AD50EDD00219AB5 /* Debug */ = {
			isa = XCBuildConfiguration;
			buildSettings = {
				ALWAYS_SEARCH_USER_PATHS = NO;
				CLANG_ANALYZER_NONNULL = YES;
				CLANG_ANALYZER_NUMBER_OBJECT_CONVERSION = YES_AGGRESSIVE;
				CLANG_CXX_LANGUAGE_STANDARD = "gnu++20";
				CLANG_ENABLE_MODULES = YES;
				CLANG_ENABLE_OBJC_ARC = YES;
				CLANG_ENABLE_OBJC_WEAK = YES;
				CLANG_WARN_BLOCK_CAPTURE_AUTORELEASING = YES;
				CLANG_WARN_BOOL_CONVERSION = YES;
				CLANG_WARN_COMMA = YES;
				CLANG_WARN_CONSTANT_CONVERSION = YES;
				CLANG_WARN_DEPRECATED_OBJC_IMPLEMENTATIONS = YES;
				CLANG_WARN_DIRECT_OBJC_ISA_USAGE = YES_ERROR;
				CLANG_WARN_DOCUMENTATION_COMMENTS = YES;
				CLANG_WARN_EMPTY_BODY = YES;
				CLANG_WARN_ENUM_CONVERSION = YES;
				CLANG_WARN_INFINITE_RECURSION = YES;
				CLANG_WARN_INT_CONVERSION = YES;
				CLANG_WARN_NON_LITERAL_NULL_CONVERSION = YES;
				CLANG_WARN_OBJC_IMPLICIT_RETAIN_SELF = YES;
				CLANG_WARN_OBJC_LITERAL_CONVERSION = YES;
				CLANG_WARN_OBJC_ROOT_CLASS = YES_ERROR;
				CLANG_WARN_QUOTED_INCLUDE_IN_FRAMEWORK_HEADER = YES;
				CLANG_WARN_RANGE_LOOP_ANALYSIS = YES;
				CLANG_WARN_STRICT_PROTOTYPES = YES;
				CLANG_WARN_SUSPICIOUS_MOVE = YES;
				CLANG_WARN_UNGUARDED_AVAILABILITY = YES_AGGRESSIVE;
				CLANG_WARN_UNREACHABLE_CODE = YES;
				CLANG_WARN__DUPLICATE_METHOD_MATCH = YES;
				COPY_PHASE_STRIP = NO;
				DEBUG_INFORMATION_FORMAT = dwarf;
				ENABLE_STRICT_OBJC_MSGSEND = YES;
				ENABLE_TESTABILITY = YES;
				GCC_C_LANGUAGE_STANDARD = gnu11;
				GCC_DYNAMIC_NO_PIC = NO;
				GCC_NO_COMMON_BLOCKS = YES;
				GCC_OPTIMIZATION_LEVEL = 0;
				GCC_PREPROCESSOR_DEFINITIONS = (
					"DEBUG=1",
					"$(inherited)",
				);
				GCC_WARN_64_TO_32_BIT_CONVERSION = YES;
				GCC_WARN_ABOUT_RETURN_TYPE = YES_ERROR;
				GCC_WARN_UNDECLARED_SELECTOR = YES;
				GCC_WARN_UNINITIALIZED_AUTOS = YES_AGGRESSIVE;
				GCC_WARN_UNUSED_FUNCTION = YES;
				GCC_WARN_UNUSED_VARIABLE = YES;
				IPHONEOS_DEPLOYMENT_TARGET = 16.4;
				MTL_ENABLE_DEBUG_INFO = INCLUDE_SOURCE;
				MTL_FAST_MATH = YES;
				ONLY_ACTIVE_ARCH = YES;
				SDKROOT = iphoneos;
				SWIFT_ACTIVE_COMPILATION_CONDITIONS = DEBUG;
				SWIFT_OPTIMIZATION_LEVEL = "-Onone";
			};
			name = Debug;
		};
		DDC845202AD50EDD00219AB5 /* Release */ = {
			isa = XCBuildConfiguration;
			buildSettings = {
				ALWAYS_SEARCH_USER_PATHS = NO;
				CLANG_ANALYZER_NONNULL = YES;
				CLANG_ANALYZER_NUMBER_OBJECT_CONVERSION = YES_AGGRESSIVE;
				CLANG_CXX_LANGUAGE_STANDARD = "gnu++20";
				CLANG_ENABLE_MODULES = YES;
				CLANG_ENABLE_OBJC_ARC = YES;
				CLANG_ENABLE_OBJC_WEAK = YES;
				CLANG_WARN_BLOCK_CAPTURE_AUTORELEASING = YES;
				CLANG_WARN_BOOL_CONVERSION = YES;
				CLANG_WARN_COMMA = YES;
				CLANG_WARN_CONSTANT_CONVERSION = YES;
				CLANG_WARN_DEPRECATED_OBJC_IMPLEMENTATIONS = YES;
				CLANG_WARN_DIRECT_OBJC_ISA_USAGE = YES_ERROR;
				CLANG_WARN_DOCUMENTATION_COMMENTS = YES;
				CLANG_WARN_EMPTY_BODY = YES;
				CLANG_WARN_ENUM_CONVERSION = YES;
				CLANG_WARN_INFINITE_RECURSION = YES;
				CLANG_WARN_INT_CONVERSION = YES;
				CLANG_WARN_NON_LITERAL_NULL_CONVERSION = YES;
				CLANG_WARN_OBJC_IMPLICIT_RETAIN_SELF = YES;
				CLANG_WARN_OBJC_LITERAL_CONVERSION = YES;
				CLANG_WARN_OBJC_ROOT_CLASS = YES_ERROR;
				CLANG_WARN_QUOTED_INCLUDE_IN_FRAMEWORK_HEADER = YES;
				CLANG_WARN_RANGE_LOOP_ANALYSIS = YES;
				CLANG_WARN_STRICT_PROTOTYPES = YES;
				CLANG_WARN_SUSPICIOUS_MOVE = YES;
				CLANG_WARN_UNGUARDED_AVAILABILITY = YES_AGGRESSIVE;
				CLANG_WARN_UNREACHABLE_CODE = YES;
				CLANG_WARN__DUPLICATE_METHOD_MATCH = YES;
				COPY_PHASE_STRIP = NO;
				DEBUG_INFORMATION_FORMAT = "dwarf-with-dsym";
				ENABLE_NS_ASSERTIONS = NO;
				ENABLE_STRICT_OBJC_MSGSEND = YES;
				GCC_C_LANGUAGE_STANDARD = gnu11;
				GCC_NO_COMMON_BLOCKS = YES;
				GCC_WARN_64_TO_32_BIT_CONVERSION = YES;
				GCC_WARN_ABOUT_RETURN_TYPE = YES_ERROR;
				GCC_WARN_UNDECLARED_SELECTOR = YES;
				GCC_WARN_UNINITIALIZED_AUTOS = YES_AGGRESSIVE;
				GCC_WARN_UNUSED_FUNCTION = YES;
				GCC_WARN_UNUSED_VARIABLE = YES;
				IPHONEOS_DEPLOYMENT_TARGET = 16.4;
				MTL_ENABLE_DEBUG_INFO = NO;
				MTL_FAST_MATH = YES;
				SDKROOT = iphoneos;
				SWIFT_COMPILATION_MODE = wholemodule;
				SWIFT_OPTIMIZATION_LEVEL = "-O";
				VALIDATE_PRODUCT = YES;
			};
			name = Release;
		};
		DDC845222AD50EDD00219AB5 /* Debug */ = {
			isa = XCBuildConfiguration;
			buildSettings = {
				ASSETCATALOG_COMPILER_APPICON_NAME = AppIcon;
				ASSETCATALOG_COMPILER_GLOBAL_ACCENT_COLOR_NAME = AccentColor;
				CODE_SIGN_STYLE = Automatic;
				CURRENT_PROJECT_VERSION = 1;
				DEVELOPMENT_TEAM = X55X2695H3;
				GENERATE_INFOPLIST_FILE = YES;
				INFOPLIST_FILE = "UIKit-SideMenu/Info.plist";
				INFOPLIST_KEY_UIApplicationSupportsIndirectInputEvents = YES;
				INFOPLIST_KEY_UILaunchStoryboardName = LaunchScreen;
				INFOPLIST_KEY_UISupportedInterfaceOrientations_iPad = "UIInterfaceOrientationPortrait UIInterfaceOrientationPortraitUpsideDown UIInterfaceOrientationLandscapeLeft UIInterfaceOrientationLandscapeRight";
				INFOPLIST_KEY_UISupportedInterfaceOrientations_iPhone = "UIInterfaceOrientationPortrait UIInterfaceOrientationLandscapeLeft UIInterfaceOrientationLandscapeRight";
				LD_RUNPATH_SEARCH_PATHS = (
					"$(inherited)",
					"@executable_path/Frameworks",
				);
				MARKETING_VERSION = 1.0;
				PRODUCT_BUNDLE_IDENTIFIER = "com.SamSung.UIKit-SideMenu";
				PRODUCT_NAME = "$(TARGET_NAME)";
				SUPPORTED_PLATFORMS = "iphoneos iphonesimulator";
				SUPPORTS_MACCATALYST = NO;
				SUPPORTS_MAC_DESIGNED_FOR_IPHONE_IPAD = NO;
				SWIFT_EMIT_LOC_STRINGS = YES;
				SWIFT_VERSION = 5.0;
				TARGETED_DEVICE_FAMILY = 1;
			};
			name = Debug;
		};
		DDC845232AD50EDD00219AB5 /* Release */ = {
			isa = XCBuildConfiguration;
			buildSettings = {
				ASSETCATALOG_COMPILER_APPICON_NAME = AppIcon;
				ASSETCATALOG_COMPILER_GLOBAL_ACCENT_COLOR_NAME = AccentColor;
				CODE_SIGN_STYLE = Automatic;
				CURRENT_PROJECT_VERSION = 1;
				DEVELOPMENT_TEAM = X55X2695H3;
				GENERATE_INFOPLIST_FILE = YES;
				INFOPLIST_FILE = "UIKit-SideMenu/Info.plist";
				INFOPLIST_KEY_UIApplicationSupportsIndirectInputEvents = YES;
				INFOPLIST_KEY_UILaunchStoryboardName = LaunchScreen;
				INFOPLIST_KEY_UISupportedInterfaceOrientations_iPad = "UIInterfaceOrientationPortrait UIInterfaceOrientationPortraitUpsideDown UIInterfaceOrientationLandscapeLeft UIInterfaceOrientationLandscapeRight";
				INFOPLIST_KEY_UISupportedInterfaceOrientations_iPhone = "UIInterfaceOrientationPortrait UIInterfaceOrientationLandscapeLeft UIInterfaceOrientationLandscapeRight";
				LD_RUNPATH_SEARCH_PATHS = (
					"$(inherited)",
					"@executable_path/Frameworks",
				);
				MARKETING_VERSION = 1.0;
				PRODUCT_BUNDLE_IDENTIFIER = "com.SamSung.UIKit-SideMenu";
				PRODUCT_NAME = "$(TARGET_NAME)";
				SUPPORTED_PLATFORMS = "iphoneos iphonesimulator";
				SUPPORTS_MACCATALYST = NO;
				SUPPORTS_MAC_DESIGNED_FOR_IPHONE_IPAD = NO;
				SWIFT_EMIT_LOC_STRINGS = YES;
				SWIFT_VERSION = 5.0;
				TARGETED_DEVICE_FAMILY = 1;
			};
			name = Release;
		};
/* End XCBuildConfiguration section */

/* Begin XCConfigurationList section */
		DDC845082AD50EDC00219AB5 /* Build configuration list for PBXProject "UIKit-SideMenu" */ = {
			isa = XCConfigurationList;
			buildConfigurations = (
				DDC8451F2AD50EDD00219AB5 /* Debug */,
				DDC845202AD50EDD00219AB5 /* Release */,
			);
			defaultConfigurationIsVisible = 0;
			defaultConfigurationName = Release;
		};
		DDC845212AD50EDD00219AB5 /* Build configuration list for PBXNativeTarget "UIKit-SideMenu" */ = {
			isa = XCConfigurationList;
			buildConfigurations = (
				DDC845222AD50EDD00219AB5 /* Debug */,
				DDC845232AD50EDD00219AB5 /* Release */,
			);
			defaultConfigurationIsVisible = 0;
			defaultConfigurationName = Release;
		};
/* End XCConfigurationList section */
	};
	rootObject = DDC845052AD50EDC00219AB5 /* Project object */;
}
